
Microsoft Visual Studio Solution File, Format Version 12.00
# Visual Studio Version 17
VisualStudioVersion = 17.0.31903.59
MinimumVisualStudioVersion = 10.0.40219.1
Project("{9A19103F-16F7-4668-BE54-9A1E7A4F7556}") = "Acumatica.RESTClient", "Acumatica.RESTClient\Acumatica.RESTClient.csproj", "{25008D3F-3D78-4BB9-B14B-0A792AE97892}"
EndProject
Project("{2150E333-8FDC-42A3-9474-1A3956D46DE8}") = "Endpoints", "Endpoints", "{F0B2BD45-79AE-43AF-B737-3018CD95C6E3}"
EndProject
Project("{9A19103F-16F7-4668-BE54-9A1E7A4F7556}") = "RESTClientTests", "RESTClientTests\RESTClientTests.csproj", "{C56AC405-E788-41DF-B530-D964B55625E7}"
EndProject
Project("{9A19103F-16F7-4668-BE54-9A1E7A4F7556}") = "Acumatica.Default_20.200.001", "Acumatica.Default_20.200.001\Acumatica.Default_20.200.001.csproj", "{CF6F7377-7A11-4D88-AD4D-6440E6994826}"
EndProject
Project("{9A19103F-16F7-4668-BE54-9A1E7A4F7556}") = "Acumatica.Manufacturing_21.200.001", "Acumatica.Manufacturing_21.200.001\Acumatica.Manufacturing_21.200.001.csproj", "{4EB48CBD-6535-4CAA-96EE-346B3D426D6D}"
EndProject
Project("{9A19103F-16F7-4668-BE54-9A1E7A4F7556}") = "Acumatica.ISVCB_21.200.001", "Acumatica.ISVCB_21.200.001\Acumatica.ISVCB_21.200.001.csproj", "{9DECC2EE-7FBC-4FC2-98A7-A1CD420F0C2A}"
EndProject
Project("{9A19103F-16F7-4668-BE54-9A1E7A4F7556}") = "Acumatica.Default_22.200.001", "Acumatica.Default_22.200.001\Acumatica.Default_22.200.001.csproj", "{4641CA94-9314-4FB3-BC8C-6F9DA5A9EDEC}"
EndProject
Project("{9A19103F-16F7-4668-BE54-9A1E7A4F7556}") = "Acumatica.RESTClient.ODataApi", "Acumatica.RESTClient.OData\Acumatica.RESTClient.ODataApi.csproj", "{48EA91F8-F5D2-4396-BEAF-5E17AC8CAEF9}"
EndProject
Project("{9A19103F-16F7-4668-BE54-9A1E7A4F7556}") = "Acumatica.RESTClient.CustomizationApi", "Acumatica.RESTClient.Customization\Acumatica.RESTClient.CustomizationApi.csproj", "{6E13ECEF-A126-491A-84F8-518A7CA448F2}"
EndProject
Project("{9A19103F-16F7-4668-BE54-9A1E7A4F7556}") = "Acumatica.RESTClient.MaintenanceApi", "Acumatica.RESTClient.Maintenance\Acumatica.RESTClient.MaintenanceApi.csproj", "{F1EDE2FE-635D-4D22-8E65-2B7D8022A2A7}"
EndProject
Project("{9A19103F-16F7-4668-BE54-9A1E7A4F7556}") = "Acumatica.RESTClient.ContractBasedApi", "Acumatica.RESTClient.ContractBasedApi\Acumatica.RESTClient.ContractBasedApi.csproj", "{C12E1F61-1119-42B8-85D2-DF391A7B4378}"
EndProject
Project("{9A19103F-16F7-4668-BE54-9A1E7A4F7556}") = "Acumatica.DeviceHub_23.200.001", "Acumatica.DeviceHub_23.200.001\Acumatica.DeviceHub_23.200.001.csproj", "{83D15378-5F49-4B9A-ACB5-8A533EF394FC}"
EndProject
Project("{9A19103F-16F7-4668-BE54-9A1E7A4F7556}") = "Acumatica.eCommerce_22.200.001", "Acumatica.eCommerce_22.200.001\Acumatica.eCommerce_22.200.001.csproj", "{90B0851F-8B5F-4DCE-A552-8B6304023791}"
EndProject
Project("{9A19103F-16F7-4668-BE54-9A1E7A4F7556}") = "Acumatica.GLConsolidation_22.200.001", "Acumatica.GLConsolidation_22.200.001\Acumatica.GLConsolidation_22.200.001.csproj", "{51BEEEB6-81A3-4745-B7FD-7F926F495182}"
EndProject
Project("{9A19103F-16F7-4668-BE54-9A1E7A4F7556}") = "Acumatica.Manufacturing_23.100.001", "Acumatica.Manufacturing_23.100.001\Acumatica.Manufacturing_23.100.001.csproj", "{C971B770-8C90-41E5-895D-079F6FFA847F}"
EndProject
Project("{9A19103F-16F7-4668-BE54-9A1E7A4F7556}") = "Acumatica.Default_23.200.001", "Acumatica.Default_23.200.001\Acumatica.Default_23.200.001.csproj", "{33A648C0-1F8A-4DAB-A914-8A92BAF32D02}"
EndProject
Project("{9A19103F-16F7-4668-BE54-9A1E7A4F7556}") = "Acumatica.eCommerce_20.200.001", "Acumatica.eCommerce_20.200.001\Acumatica.eCommerce_20.200.001.csproj", "{04715C4B-8CE0-4E3D-9930-2570B35F3C78}"
EndProject
Project("{9A19103F-16F7-4668-BE54-9A1E7A4F7556}") = "Acumatica.eCommerce_23.200.001", "Acumatica.eCommerce_23.200.001\Acumatica.eCommerce_23.200.001.csproj", "{36CC9184-F935-425B-9B19-53BE782C10DC}"
EndProject
Project("{9A19103F-16F7-4668-BE54-9A1E7A4F7556}") = "Acumatica.MANUFACTURING_23.200.001", "Acumatica.MANUFACTURING_23.200.001\Acumatica.MANUFACTURING_23.200.001.csproj", "{F0629B4C-9902-43C1-98A1-0DCD37E57069}"
EndProject
Global
	GlobalSection(SolutionConfigurationPlatforms) = preSolution
		Debug|Any CPU = Debug|Any CPU
		Release|Any CPU = Release|Any CPU
	EndGlobalSection
	GlobalSection(ProjectConfigurationPlatforms) = postSolution
		{25008D3F-3D78-4BB9-B14B-0A792AE97892}.Debug|Any CPU.ActiveCfg = Debug|Any CPU
		{25008D3F-3D78-4BB9-B14B-0A792AE97892}.Debug|Any CPU.Build.0 = Debug|Any CPU
		{25008D3F-3D78-4BB9-B14B-0A792AE97892}.Release|Any CPU.ActiveCfg = Release|Any CPU
		{25008D3F-3D78-4BB9-B14B-0A792AE97892}.Release|Any CPU.Build.0 = Release|Any CPU
		{C56AC405-E788-41DF-B530-D964B55625E7}.Debug|Any CPU.ActiveCfg = Debug|Any CPU
		{C56AC405-E788-41DF-B530-D964B55625E7}.Debug|Any CPU.Build.0 = Debug|Any CPU
		{C56AC405-E788-41DF-B530-D964B55625E7}.Release|Any CPU.ActiveCfg = Release|Any CPU
		{C56AC405-E788-41DF-B530-D964B55625E7}.Release|Any CPU.Build.0 = Release|Any CPU
		{CF6F7377-7A11-4D88-AD4D-6440E6994826}.Debug|Any CPU.ActiveCfg = Debug|Any CPU
		{CF6F7377-7A11-4D88-AD4D-6440E6994826}.Debug|Any CPU.Build.0 = Debug|Any CPU
		{CF6F7377-7A11-4D88-AD4D-6440E6994826}.Release|Any CPU.ActiveCfg = Release|Any CPU
		{CF6F7377-7A11-4D88-AD4D-6440E6994826}.Release|Any CPU.Build.0 = Release|Any CPU
		{4EB48CBD-6535-4CAA-96EE-346B3D426D6D}.Debug|Any CPU.ActiveCfg = Debug|Any CPU
		{4EB48CBD-6535-4CAA-96EE-346B3D426D6D}.Debug|Any CPU.Build.0 = Debug|Any CPU
		{4EB48CBD-6535-4CAA-96EE-346B3D426D6D}.Release|Any CPU.ActiveCfg = Release|Any CPU
		{4EB48CBD-6535-4CAA-96EE-346B3D426D6D}.Release|Any CPU.Build.0 = Release|Any CPU
		{9DECC2EE-7FBC-4FC2-98A7-A1CD420F0C2A}.Debug|Any CPU.ActiveCfg = Debug|Any CPU
		{9DECC2EE-7FBC-4FC2-98A7-A1CD420F0C2A}.Debug|Any CPU.Build.0 = Debug|Any CPU
		{9DECC2EE-7FBC-4FC2-98A7-A1CD420F0C2A}.Release|Any CPU.ActiveCfg = Release|Any CPU
		{9DECC2EE-7FBC-4FC2-98A7-A1CD420F0C2A}.Release|Any CPU.Build.0 = Release|Any CPU
		{4641CA94-9314-4FB3-BC8C-6F9DA5A9EDEC}.Debug|Any CPU.ActiveCfg = Debug|Any CPU
		{4641CA94-9314-4FB3-BC8C-6F9DA5A9EDEC}.Debug|Any CPU.Build.0 = Debug|Any CPU
		{4641CA94-9314-4FB3-BC8C-6F9DA5A9EDEC}.Release|Any CPU.ActiveCfg = Release|Any CPU
		{4641CA94-9314-4FB3-BC8C-6F9DA5A9EDEC}.Release|Any CPU.Build.0 = Release|Any CPU
		{48EA91F8-F5D2-4396-BEAF-5E17AC8CAEF9}.Debug|Any CPU.ActiveCfg = Debug|Any CPU
		{48EA91F8-F5D2-4396-BEAF-5E17AC8CAEF9}.Debug|Any CPU.Build.0 = Debug|Any CPU
		{48EA91F8-F5D2-4396-BEAF-5E17AC8CAEF9}.Release|Any CPU.ActiveCfg = Release|Any CPU
		{48EA91F8-F5D2-4396-BEAF-5E17AC8CAEF9}.Release|Any CPU.Build.0 = Release|Any CPU
		{6E13ECEF-A126-491A-84F8-518A7CA448F2}.Debug|Any CPU.ActiveCfg = Debug|Any CPU
		{6E13ECEF-A126-491A-84F8-518A7CA448F2}.Debug|Any CPU.Build.0 = Debug|Any CPU
		{6E13ECEF-A126-491A-84F8-518A7CA448F2}.Release|Any CPU.ActiveCfg = Release|Any CPU
		{6E13ECEF-A126-491A-84F8-518A7CA448F2}.Release|Any CPU.Build.0 = Release|Any CPU
		{F1EDE2FE-635D-4D22-8E65-2B7D8022A2A7}.Debug|Any CPU.ActiveCfg = Debug|Any CPU
		{F1EDE2FE-635D-4D22-8E65-2B7D8022A2A7}.Debug|Any CPU.Build.0 = Debug|Any CPU
		{F1EDE2FE-635D-4D22-8E65-2B7D8022A2A7}.Release|Any CPU.ActiveCfg = Release|Any CPU
		{F1EDE2FE-635D-4D22-8E65-2B7D8022A2A7}.Release|Any CPU.Build.0 = Release|Any CPU
		{C12E1F61-1119-42B8-85D2-DF391A7B4378}.Debug|Any CPU.ActiveCfg = Debug|Any CPU
		{C12E1F61-1119-42B8-85D2-DF391A7B4378}.Debug|Any CPU.Build.0 = Debug|Any CPU
		{C12E1F61-1119-42B8-85D2-DF391A7B4378}.Release|Any CPU.ActiveCfg = Release|Any CPU
		{C12E1F61-1119-42B8-85D2-DF391A7B4378}.Release|Any CPU.Build.0 = Release|Any CPU
		{83D15378-5F49-4B9A-ACB5-8A533EF394FC}.Debug|Any CPU.ActiveCfg = Debug|Any CPU
		{83D15378-5F49-4B9A-ACB5-8A533EF394FC}.Debug|Any CPU.Build.0 = Debug|Any CPU
		{83D15378-5F49-4B9A-ACB5-8A533EF394FC}.Release|Any CPU.ActiveCfg = Release|Any CPU
		{83D15378-5F49-4B9A-ACB5-8A533EF394FC}.Release|Any CPU.Build.0 = Release|Any CPU
		{90B0851F-8B5F-4DCE-A552-8B6304023791}.Debug|Any CPU.ActiveCfg = Debug|Any CPU
		{90B0851F-8B5F-4DCE-A552-8B6304023791}.Debug|Any CPU.Build.0 = Debug|Any CPU
		{90B0851F-8B5F-4DCE-A552-8B6304023791}.Release|Any CPU.ActiveCfg = Release|Any CPU
		{90B0851F-8B5F-4DCE-A552-8B6304023791}.Release|Any CPU.Build.0 = Release|Any CPU
		{51BEEEB6-81A3-4745-B7FD-7F926F495182}.Debug|Any CPU.ActiveCfg = Debug|Any CPU
		{51BEEEB6-81A3-4745-B7FD-7F926F495182}.Debug|Any CPU.Build.0 = Debug|Any CPU
		{51BEEEB6-81A3-4745-B7FD-7F926F495182}.Release|Any CPU.ActiveCfg = Release|Any CPU
		{51BEEEB6-81A3-4745-B7FD-7F926F495182}.Release|Any CPU.Build.0 = Release|Any CPU
		{C971B770-8C90-41E5-895D-079F6FFA847F}.Debug|Any CPU.ActiveCfg = Debug|Any CPU
		{C971B770-8C90-41E5-895D-079F6FFA847F}.Debug|Any CPU.Build.0 = Debug|Any CPU
		{C971B770-8C90-41E5-895D-079F6FFA847F}.Release|Any CPU.ActiveCfg = Release|Any CPU
		{C971B770-8C90-41E5-895D-079F6FFA847F}.Release|Any CPU.Build.0 = Release|Any CPU
		{33A648C0-1F8A-4DAB-A914-8A92BAF32D02}.Debug|Any CPU.ActiveCfg = Debug|Any CPU
		{33A648C0-1F8A-4DAB-A914-8A92BAF32D02}.Debug|Any CPU.Build.0 = Debug|Any CPU
		{33A648C0-1F8A-4DAB-A914-8A92BAF32D02}.Release|Any CPU.ActiveCfg = Release|Any CPU
		{33A648C0-1F8A-4DAB-A914-8A92BAF32D02}.Release|Any CPU.Build.0 = Release|Any CPU
		{04715C4B-8CE0-4E3D-9930-2570B35F3C78}.Debug|Any CPU.ActiveCfg = Debug|Any CPU
		{04715C4B-8CE0-4E3D-9930-2570B35F3C78}.Debug|Any CPU.Build.0 = Debug|Any CPU
		{04715C4B-8CE0-4E3D-9930-2570B35F3C78}.Release|Any CPU.ActiveCfg = Release|Any CPU
		{04715C4B-8CE0-4E3D-9930-2570B35F3C78}.Release|Any CPU.Build.0 = Release|Any CPU
		{36CC9184-F935-425B-9B19-53BE782C10DC}.Debug|Any CPU.ActiveCfg = Debug|Any CPU
		{36CC9184-F935-425B-9B19-53BE782C10DC}.Debug|Any CPU.Build.0 = Debug|Any CPU
		{36CC9184-F935-425B-9B19-53BE782C10DC}.Release|Any CPU.ActiveCfg = Release|Any CPU
		{36CC9184-F935-425B-9B19-53BE782C10DC}.Release|Any CPU.Build.0 = Release|Any CPU
		{F0629B4C-9902-43C1-98A1-0DCD37E57069}.Debug|Any CPU.ActiveCfg = Debug|Any CPU
		{F0629B4C-9902-43C1-98A1-0DCD37E57069}.Debug|Any CPU.Build.0 = Debug|Any CPU
		{F0629B4C-9902-43C1-98A1-0DCD37E57069}.Release|Any CPU.ActiveCfg = Release|Any CPU
		{F0629B4C-9902-43C1-98A1-0DCD37E57069}.Release|Any CPU.Build.0 = Release|Any CPU
	EndGlobalSection
	GlobalSection(SolutionProperties) = preSolution
		HideSolutionNode = FALSE
	EndGlobalSection
	GlobalSection(NestedProjects) = preSolution
		{CF6F7377-7A11-4D88-AD4D-6440E6994826} = {F0B2BD45-79AE-43AF-B737-3018CD95C6E3}
		{4EB48CBD-6535-4CAA-96EE-346B3D426D6D} = {F0B2BD45-79AE-43AF-B737-3018CD95C6E3}
		{9DECC2EE-7FBC-4FC2-98A7-A1CD420F0C2A} = {F0B2BD45-79AE-43AF-B737-3018CD95C6E3}
		{4641CA94-9314-4FB3-BC8C-6F9DA5A9EDEC} = {F0B2BD45-79AE-43AF-B737-3018CD95C6E3}
		{83D15378-5F49-4B9A-ACB5-8A533EF394FC} = {F0B2BD45-79AE-43AF-B737-3018CD95C6E3}
		{90B0851F-8B5F-4DCE-A552-8B6304023791} = {F0B2BD45-79AE-43AF-B737-3018CD95C6E3}
		{51BEEEB6-81A3-4745-B7FD-7F926F495182} = {F0B2BD45-79AE-43AF-B737-3018CD95C6E3}
		{C971B770-8C90-41E5-895D-079F6FFA847F} = {F0B2BD45-79AE-43AF-B737-3018CD95C6E3}
		{33A648C0-1F8A-4DAB-A914-8A92BAF32D02} = {F0B2BD45-79AE-43AF-B737-3018CD95C6E3}
		{04715C4B-8CE0-4E3D-9930-2570B35F3C78} = {F0B2BD45-79AE-43AF-B737-3018CD95C6E3}
		{36CC9184-F935-425B-9B19-53BE782C10DC} = {F0B2BD45-79AE-43AF-B737-3018CD95C6E3}
		{F0629B4C-9902-43C1-98A1-0DCD37E57069} = {F0B2BD45-79AE-43AF-B737-3018CD95C6E3}
	EndGlobalSection
	GlobalSection(ExtensibilityGlobals) = postSolution
		SolutionGuid = {A3A45447-0EDA-45D2-94CE-C3BFFBFE2717}
	EndGlobalSection
EndGlobal
