
Microsoft Visual Studio Solution File, Format Version 12.00
# Visual Studio Version 17
VisualStudioVersion = 17.0.31903.59
MinimumVisualStudioVersion = 10.0.40219.1
Project("{FAE04EC0-301F-11D3-BF4B-00C04F79EFBC}") = "Acumatica REST API Example Console Application", "Acumatica REST API Console Application\Acumatica REST API Example Console Application.csproj", "{201508E8-B057-4EFB-AD9D-74C777339C42}"
EndProject
Project("{FAE04EC0-301F-11D3-BF4B-00C04F79EFBC}") = "SOAPLikeWrapperForREST", "SOAPLikeWrapperForREST\SOAPLikeWrapperForREST.csproj", "{99541823-473A-46E8-AEC0-CE6250F00FE8}"
EndProject
Global
	GlobalSection(SolutionConfigurationPlatforms) = preSolution
		Debug|Any CPU = Debug|Any CPU
		Release|Any CPU = Release|Any CPU
	EndGlobalSection
	GlobalSection(ProjectConfigurationPlatforms) = postSolution
		{201508E8-B057-4EFB-AD9D-74C777339C42}.Debug|Any CPU.ActiveCfg = Debug|Any CPU
		{201508E8-B057-4EFB-AD9D-74C777339C42}.Debug|Any CPU.Build.0 = Debug|Any CPU
		{201508E8-B057-4EFB-AD9D-74C777339C42}.Release|Any CPU.ActiveCfg = Release|Any CPU
		{201508E8-B057-4EFB-AD9D-74C777339C42}.Release|Any CPU.Build.0 = Release|Any CPU
		{99541823-473A-46E8-AEC0-CE6250F00FE8}.Debug|Any CPU.ActiveCfg = Debug|Any CPU
		{99541823-473A-46E8-AEC0-CE6250F00FE8}.Debug|Any CPU.Build.0 = Debug|Any CPU
		{99541823-473A-46E8-AEC0-CE6250F00FE8}.Release|Any CPU.ActiveCfg = Release|Any CPU
		{99541823-473A-46E8-AEC0-CE6250F00FE8}.Release|Any CPU.Build.0 = Release|Any CPU
	EndGlobalSection
	GlobalSection(SolutionProperties) = preSolution
		HideSolutionNode = FALSE
	EndGlobalSection
	GlobalSection(ExtensibilityGlobals) = postSolution
		SolutionGuid = {DA26CA7D-E30F-41BF-A06B-44407CC5F0F6}
	EndGlobalSection
EndGlobal
