
Microsoft Visual Studio Solution File, Format Version 12.00
# Visual Studio Version 16
VisualStudioVersion = 16.0.29613.14
MinimumVisualStudioVersion = 10.0.40219.1
Project("{FAE04EC0-301F-11D3-BF4B-00C04F79EFBC}") = "EndpointModelGenerator", "EndpointModelGenerator\EndpointModelGenerator.csproj", "{B1A5D2C4-8321-4235-92D7-D5F9058ACB4D}"
EndProject
Global
	GlobalSection(SolutionConfigurationPlatforms) = preSolution
		Debug|Any CPU = Debug|Any CPU
		Release|Any CPU = Release|Any CPU
	EndGlobalSection
	GlobalSection(ProjectConfigurationPlatforms) = postSolution
		{B1A5D2C4-8321-4235-92D7-D5F9058ACB4D}.Debug|Any CPU.ActiveCfg = Debug|Any CPU
		{B1A5D2C4-8321-4235-92D7-D5F9058ACB4D}.Debug|Any CPU.Build.0 = Debug|Any CPU
		{B1A5D2C4-8321-4235-92D7-D5F9058ACB4D}.Release|Any CPU.ActiveCfg = Release|Any CPU
		{B1A5D2C4-8321-4235-92D7-D5F9058ACB4D}.Release|Any CPU.Build.0 = Release|Any CPU
	EndGlobalSection
	GlobalSection(SolutionProperties) = preSolution
		HideSolutionNode = FALSE
	EndGlobalSection
	GlobalSection(ExtensibilityGlobals) = postSolution
		SolutionGuid = {DEAB8EF5-AEB3-4B9E-AFE7-45BC02E33942}
	EndGlobalSection
EndGlobal
